
Microsoft Visual Studio Solution File, Format Version 12.00
# Visual Studio Version 17
VisualStudioVersion = 17.7.34221.43
MinimumVisualStudioVersion = 10.0.40219.1
Project("{9A19103F-16F7-4668-BE54-9A1E7A4F7556}") = "firstCoreapp", "firstCoreapp\firstCoreapp\firstCoreapp.csproj", "{F45EE9FF-7B71-4CB0-B5FD-956DC6B146F9}"
EndProject
Global
	GlobalSection(SolutionConfigurationPlatforms) = preSolution
		Debug|Any CPU = Debug|Any CPU
		Release|Any CPU = Release|Any CPU
	EndGlobalSection
	GlobalSection(ProjectConfigurationPlatforms) = postSolution
		{F45EE9FF-7B71-4CB0-B5FD-956DC6B146F9}.Debug|Any CPU.ActiveCfg = Debug|Any CPU
		{F45EE9FF-7B71-4CB0-B5FD-956DC6B146F9}.Debug|Any CPU.Build.0 = Debug|Any CPU
		{F45EE9FF-7B71-4CB0-B5FD-956DC6B146F9}.Release|Any CPU.ActiveCfg = Release|Any CPU
		{F45EE9FF-7B71-4CB0-B5FD-956DC6B146F9}.Release|Any CPU.Build.0 = Release|Any CPU
	EndGlobalSection
	GlobalSection(SolutionProperties) = preSolution
		HideSolutionNode = FALSE
	EndGlobalSection
	GlobalSection(ExtensibilityGlobals) = postSolution
		SolutionGuid = {DC7B7188-5E62-4A29-9E81-C19B8A8C82D1}
	EndGlobalSection
EndGlobal
